
Microsoft Visual Studio Solution File, Format Version 12.00
# Visual Studio 15
VisualStudioVersion = 15.0.27019.1
MinimumVisualStudioVersion = 10.0.40219.1
Project("{FAE04EC0-301F-11D3-BF4B-00C04F79EFBC}") = "Chauffeur", "Chauffeur\Chauffeur.csproj", "{003AFAE1-5879-4441-BCB8-669905D9E0B5}"
EndProject
Project("{2150E333-8FDC-42A3-9474-1A3956D46DE8}") = ".nuget", ".nuget", "{6D158972-1598-40C1-AB5F-BC7BF0FBB92D}"
	ProjectSection(SolutionItems) = preProject
		.nuget\NuGet.Config = .nuget\NuGet.Config
		.nuget\NuGet.exe = .nuget\NuGet.exe
		.nuget\NuGet.targets = .nuget\NuGet.targets
	EndProjectSection
EndProject
Project("{FAE04EC0-301F-11D3-BF4B-00C04F79EFBC}") = "Chauffeur.Demo", "Chauffeur.Demo\Chauffeur.Demo.csproj", "{10268805-C4DC-4613-A4A0-4E7B1B5A7BA2}"
EndProject
Project("{FAE04EC0-301F-11D3-BF4B-00C04F79EFBC}") = "Chauffeur.Runner", "Chauffeur.Runner\Chauffeur.Runner.csproj", "{5573C895-08B4-4F69-9D53-F3EE1786FE32}"
EndProject
Project("{2150E333-8FDC-42A3-9474-1A3956D46DE8}") = "Solution Items", "Solution Items", "{B0EA8E94-7513-41ED-BB7E-E8E07E3DEF40}"
	ProjectSection(SolutionItems) = preProject
		azure-pipelines.yml = azure-pipelines.yml
		build.fsx = build.fsx
		build.ps1 = build.ps1
		chauffeur_logo.svg = chauffeur_logo.svg
		.github\License.md = .github\License.md
		paket.dependencies = paket.dependencies
		.github\readme.md = .github\readme.md
		ReleaseNotes.md = ReleaseNotes.md
		run-demo.ps1 = run-demo.ps1
		SolutionInfo.cs = SolutionInfo.cs
	EndProjectSection
EndProject
Project("{FAE04EC0-301F-11D3-BF4B-00C04F79EFBC}") = "Chauffeur.Tests", "Chauffeur.Tests\Chauffeur.Tests.csproj", "{DDB1AAF4-F04A-4A34-95C6-37C1C02B20E4}"
EndProject
Project("{F2A71F9B-5D33-465A-A702-920D77279786}") = "Chauffeur.Tests.Integration", "Chauffeur.Tests.Integration\Chauffeur.Tests.Integration.fsproj", "{29E97154-DA02-47DD-86F0-284C4AF7F877}"
EndProject
Project("{F2A71F9B-5D33-465A-A702-920D77279786}") = "Chauffeur.TestingTools", "Chauffeur.TestingTools\Chauffeur.TestingTools.fsproj", "{27046DAD-CC87-4E05-959A-5FC93D6A5730}"
EndProject
Global
	GlobalSection(SolutionConfigurationPlatforms) = preSolution
		Debug|Any CPU = Debug|Any CPU
		Release|Any CPU = Release|Any CPU
	EndGlobalSection
	GlobalSection(ProjectConfigurationPlatforms) = postSolution
		{003AFAE1-5879-4441-BCB8-669905D9E0B5}.Debug|Any CPU.ActiveCfg = Debug|Any CPU
		{003AFAE1-5879-4441-BCB8-669905D9E0B5}.Debug|Any CPU.Build.0 = Debug|Any CPU
		{003AFAE1-5879-4441-BCB8-669905D9E0B5}.Release|Any CPU.ActiveCfg = Release|Any CPU
		{003AFAE1-5879-4441-BCB8-669905D9E0B5}.Release|Any CPU.Build.0 = Release|Any CPU
		{10268805-C4DC-4613-A4A0-4E7B1B5A7BA2}.Debug|Any CPU.ActiveCfg = Debug|Any CPU
		{10268805-C4DC-4613-A4A0-4E7B1B5A7BA2}.Debug|Any CPU.Build.0 = Debug|Any CPU
		{10268805-C4DC-4613-A4A0-4E7B1B5A7BA2}.Release|Any CPU.ActiveCfg = Release|Any CPU
		{5573C895-08B4-4F69-9D53-F3EE1786FE32}.Debug|Any CPU.ActiveCfg = Debug|Any CPU
		{5573C895-08B4-4F69-9D53-F3EE1786FE32}.Debug|Any CPU.Build.0 = Debug|Any CPU
		{5573C895-08B4-4F69-9D53-F3EE1786FE32}.Release|Any CPU.ActiveCfg = Release|Any CPU
		{5573C895-08B4-4F69-9D53-F3EE1786FE32}.Release|Any CPU.Build.0 = Release|Any CPU
		{DDB1AAF4-F04A-4A34-95C6-37C1C02B20E4}.Debug|Any CPU.ActiveCfg = Debug|Any CPU
		{DDB1AAF4-F04A-4A34-95C6-37C1C02B20E4}.Debug|Any CPU.Build.0 = Debug|Any CPU
		{DDB1AAF4-F04A-4A34-95C6-37C1C02B20E4}.Release|Any CPU.ActiveCfg = Release|Any CPU
		{DDB1AAF4-F04A-4A34-95C6-37C1C02B20E4}.Release|Any CPU.Build.0 = Release|Any CPU
		{29E97154-DA02-47DD-86F0-284C4AF7F877}.Debug|Any CPU.ActiveCfg = Debug|Any CPU
		{29E97154-DA02-47DD-86F0-284C4AF7F877}.Debug|Any CPU.Build.0 = Debug|Any CPU
		{29E97154-DA02-47DD-86F0-284C4AF7F877}.Release|Any CPU.ActiveCfg = Release|Any CPU
		{29E97154-DA02-47DD-86F0-284C4AF7F877}.Release|Any CPU.Build.0 = Release|Any CPU
		{27046DAD-CC87-4E05-959A-5FC93D6A5730}.Debug|Any CPU.ActiveCfg = Debug|Any CPU
		{27046DAD-CC87-4E05-959A-5FC93D6A5730}.Debug|Any CPU.Build.0 = Debug|Any CPU
		{27046DAD-CC87-4E05-959A-5FC93D6A5730}.Release|Any CPU.ActiveCfg = Release|Any CPU
		{27046DAD-CC87-4E05-959A-5FC93D6A5730}.Release|Any CPU.Build.0 = Release|Any CPU
	EndGlobalSection
	GlobalSection(SolutionProperties) = preSolution
		HideSolutionNode = FALSE
	EndGlobalSection
	GlobalSection(ExtensibilityGlobals) = postSolution
		SolutionGuid = {3FAB7BD4-704C-450F-B9C7-874A5ED61A40}
	EndGlobalSection
EndGlobal
